
Microsoft Visual Studio Solution File, Format Version 12.00
# Visual Studio 14
VisualStudioVersion = 14.0.25420.1
MinimumVisualStudioVersion = 10.0.40219.1
Project("{FAE04EC0-301F-11D3-BF4B-00C04F79EFBC}") = "Day1", "Day1\Day1.csproj", "{895F047D-564E-471F-893D-18ACDF67743D}"
EndProject
Project("{00D1A9C2-B5F0-4AF3-8072-F6C62B433612}") = "Day2Database", "Day2Database\Day2Database.sqlproj", "{A713A6E1-AA8A-4633-A3E8-AEDC159252EC}"
EndProject
Project("{FAE04EC0-301F-11D3-BF4B-00C04F79EFBC}") = "Day3", "Day3\Day3.csproj", "{CE33F954-2750-4A31-AF0D-334D22F7729D}"
EndProject
Global
	GlobalSection(SolutionConfigurationPlatforms) = preSolution
		Debug|Any CPU = Debug|Any CPU
		Release|Any CPU = Release|Any CPU
	EndGlobalSection
	GlobalSection(ProjectConfigurationPlatforms) = postSolution
		{895F047D-564E-471F-893D-18ACDF67743D}.Debug|Any CPU.ActiveCfg = Debug|Any CPU
		{895F047D-564E-471F-893D-18ACDF67743D}.Debug|Any CPU.Build.0 = Debug|Any CPU
		{895F047D-564E-471F-893D-18ACDF67743D}.Release|Any CPU.ActiveCfg = Release|Any CPU
		{895F047D-564E-471F-893D-18ACDF67743D}.Release|Any CPU.Build.0 = Release|Any CPU
		{A713A6E1-AA8A-4633-A3E8-AEDC159252EC}.Debug|Any CPU.ActiveCfg = Debug|Any CPU
		{A713A6E1-AA8A-4633-A3E8-AEDC159252EC}.Debug|Any CPU.Build.0 = Debug|Any CPU
		{A713A6E1-AA8A-4633-A3E8-AEDC159252EC}.Debug|Any CPU.Deploy.0 = Debug|Any CPU
		{A713A6E1-AA8A-4633-A3E8-AEDC159252EC}.Release|Any CPU.ActiveCfg = Release|Any CPU
		{A713A6E1-AA8A-4633-A3E8-AEDC159252EC}.Release|Any CPU.Build.0 = Release|Any CPU
		{A713A6E1-AA8A-4633-A3E8-AEDC159252EC}.Release|Any CPU.Deploy.0 = Release|Any CPU
		{CE33F954-2750-4A31-AF0D-334D22F7729D}.Debug|Any CPU.ActiveCfg = Debug|Any CPU
		{CE33F954-2750-4A31-AF0D-334D22F7729D}.Debug|Any CPU.Build.0 = Debug|Any CPU
		{CE33F954-2750-4A31-AF0D-334D22F7729D}.Release|Any CPU.ActiveCfg = Release|Any CPU
		{CE33F954-2750-4A31-AF0D-334D22F7729D}.Release|Any CPU.Build.0 = Release|Any CPU
	EndGlobalSection
	GlobalSection(SolutionProperties) = preSolution
		HideSolutionNode = FALSE
	EndGlobalSection
EndGlobal
